{"format_version":"1.0","provider_schemas":{"registry.terraform.io/zscaler/zpa":{"provider":{"version":0,"block":{"attributes":{"zpa_client_id":{"type":"string","description":"zpa client id","description_kind":"plain","optional":true},"zpa_client_secret":{"type":"string","description":"zpa client secret","description_kind":"plain","optional":true,"sensitive":true},"zpa_cloud":{"type":"string","description":"Cloud to use PRODUCTION, BETA, GOV or PREVIEW","description_kind":"plain","optional":true},"zpa_customer_id":{"type":"string","description":"zpa customer id","description_kind":"plain","optional":true,"sensitive":true}},"description_kind":"plain"}},"resource_schemas":{"zpa_app_connector_group":{"version":0,"block":{"attributes":{"city_country":{"type":"string","description_kind":"plain","optional":true,"computed":true},"country_code":{"type":"string","description_kind":"plain","optional":true,"computed":true},"description":{"type":"string","description":"Description of the App Connector Group","description_kind":"plain","optional":true},"dns_query_type":{"type":"string","description":"Whether to enable IPv4 or IPv6, or both, for DNS resolution of all applications in the App Connector Group","description_kind":"plain","optional":true},"enabled":{"type":"bool","description":"Whether this App Connector Group is enabled or not","description_kind":"plain","optional":true,"computed":true},"id":{"type":"string","description_kind":"plain","computed":true},"latitude":{"type":"string","description":"Latitude of the App Connector Group. Integer or decimal. With values in the range of -90 to 90","description_kind":"plain","required":true},"location":{"type":"string","description":"Location of the App Connector Group","description_kind":"plain","required":true},"longitude":{"type":"string","description":"Longitude of the App Connector Group. Integer or decimal. With values in the range of -180 to 180","description_kind":"plain","required":true},"lss_app_connector_group":{"type":"bool","description_kind":"plain","optional":true,"computed":true},"name":{"type":"string","description":"Name of the App Connector Group","description_kind":"plain","required":true},"override_version_profile":{"type":"bool","description":"Whether the default version profile of the App Connector Group is applied or overridden. Supported values: true, false","description_kind":"plain","optional":true,"computed":true},"tcp_quick_ack_app":{"type":"bool","description":"Whether TCP Quick Acknowledgement is enabled or disabled for the application. The tcpQuickAckApp, tcpQuickAckAssistant, and tcpQuickAckReadAssistant fields must all share the same value.","description_kind":"plain","optional":true,"computed":true},"tcp_quick_ack_assistant":{"type":"bool","description":"Whether TCP Quick Acknowledgement is enabled or disabled for the application. The tcpQuickAckApp, tcpQuickAckAssistant, and tcpQuickAckReadAssistant fields must all share the same value.","description_kind":"plain","optional":true,"computed":true},"tcp_quick_ack_read_assistant":{"type":"bool","description":"Whether TCP Quick Acknowledgement is enabled or disabled for the application. The tcpQuickAckApp, tcpQuickAckAssistant, and tcpQuickAckReadAssistant fields must all share the same value.","description_kind":"plain","optional":true,"computed":true},"upgrade_day":{"type":"string","description":"App Connectors in this group will attempt to update to a newer version of the software during this specified day. List of valid days (i.e., Sunday, Monday)","description_kind":"plain","optional":true},"upgrade_time_in_secs":{"type":"string","description":"App Connectors in this group will attempt to update to a newer version of the software during this specified time. Integer in seconds (i.e., -66600). The integer should be greater than or equal to 0 and less than 86400, in 15 minute intervals","description_kind":"plain","optional":true},"use_in_dr_mode":{"type":"bool","description_kind":"plain","optional":true,"computed":true},"version_profile_id":{"type":"string","description":"ID of the version profile. To learn more, see Version Profile Use Cases. This value is required, if the value for overrideVersionProfile is set to true","description_kind":"plain","optional":true,"computed":true},"version_profile_name":{"type":"string","description":"Name of the version profile. To learn more, see Version Profile Use Cases. This value is required, if the value for overrideVersionProfile is set to true","description_kind":"plain","optional":true,"computed":true}},"description_kind":"plain"}},"zpa_application_segment":{"version":0,"block":{"attributes":{"bypass_type":{"type":"string","description":"Indicates whether users can bypass ZPA to access applications.","description_kind":"plain","optional":true,"computed":true},"config_space":{"type":"string","description_kind":"plain","optional":true},"default_idle_timeout":{"type":"string","description_kind":"plain","optional":true,"computed":true},"description":{"type":"string","description":"Description of the application.","description_kind":"plain","optional":true},"domain_names":{"type":["set","string"],"description":"List of domains and IPs.","description_kind":"plain","required":true},"double_encrypt":{"type":"bool","description":"Whether Double Encryption is enabled or disabled for the app.","description_kind":"plain","optional":true},"enabled":{"type":"bool","description":"Whether this application is enabled or not.","description_kind":"plain","optional":true},"health_check_type":{"type":"string","description_kind":"plain","optional":true},"health_reporting":{"type":"string","description":"Whether health reporting for the app is Continuous or On Access. Supported values: NONE, ON_ACCESS, CONTINUOUS.","description_kind":"plain","optional":true},"icmp_access_type":{"type":"string","description_kind":"plain","optional":true},"id":{"type":"string","description_kind":"plain","computed":true},"ip_anchored":{"type":"bool","description_kind":"plain","optional":true},"is_cname_enabled":{"type":"bool","description":"Indicates if the Zscaler Client Connector (formerly Zscaler App or Z App) receives CNAME DNS records from the connectors.","description_kind":"plain","optional":true,"computed":true},"name":{"type":"string","description":"Name of the application.","description_kind":"plain","required":true},"passive_health_enabled":{"type":"bool","description_kind":"plain","optional":true,"computed":true},"segment_group_id":{"type":"string","description_kind":"plain","optional":true,"computed":true},"segment_group_name":{"type":"string","description_kind":"plain","optional":true,"computed":true},"tcp_port_range":{"type":["set",["object",{"from":"string","to":"string"}]],"description":"tcp port range","description_kind":"plain","optional":true,"computed":true},"tcp_port_ranges":{"type":["list","string"],"description":"TCP port ranges used to access the app.","description_kind":"plain","optional":true,"computed":true},"udp_port_range":{"type":["set",["object",{"from":"string","to":"string"}]],"description":"udp port range","description_kind":"plain","optional":true,"computed":true},"udp_port_ranges":{"type":["list","string"],"description":"UDP port ranges used to access the app.","description_kind":"plain","optional":true,"computed":true}},"block_types":{"server_groups":{"nesting_mode":"set","block":{"attributes":{"id":{"type":["list","string"],"description_kind":"plain","required":true}},"description":"List of the server group IDs.","description_kind":"plain"},"min_items":1}},"description_kind":"plain"}},"zpa_application_segment_browser_access":{"version":0,"block":{"attributes":{"bypass_type":{"type":"string","description":"Indicates whether users can bypass ZPA to access applications. Default: NEVER. Supported values: ALWAYS, NEVER, ON_NET. The value NEVER indicates the use of the client forwarding policy.","description_kind":"plain","optional":true},"config_space":{"type":"string","description_kind":"plain","optional":true},"description":{"type":"string","description":"Description of the application.","description_kind":"plain","optional":true},"domain_names":{"type":["set","string"],"description":"List of domains and IPs.","description_kind":"plain","required":true},"double_encrypt":{"type":"bool","description":"Whether Double Encryption is enabled or disabled for the app.","description_kind":"plain","optional":true},"enabled":{"type":"bool","description_kind":"plain","optional":true,"computed":true},"health_check_type":{"type":"string","description_kind":"plain","optional":true,"computed":true},"health_reporting":{"type":"string","description":"Whether health reporting for the app is Continuous or On Access. Supported values: NONE, ON_ACCESS, CONTINUOUS.","description_kind":"plain","optional":true,"computed":true},"icmp_access_type":{"type":"string","description_kind":"plain","optional":true},"id":{"type":"string","description_kind":"plain","computed":true},"ip_anchored":{"type":"bool","description_kind":"plain","optional":true},"is_cname_enabled":{"type":"bool","description":"Indicates if the Zscaler Client Connector (formerly Zscaler App or Z App) receives CNAME DNS records from the connectors.","description_kind":"plain","optional":true},"name":{"type":"string","description":"Name of the application.","description_kind":"plain","required":true},"passive_health_enabled":{"type":"bool","description_kind":"plain","optional":true,"computed":true},"segment_group_id":{"type":"string","description_kind":"plain","required":true},"segment_group_name":{"type":"string","description_kind":"plain","optional":true,"computed":true},"tcp_port_range":{"type":["set",["object",{"from":"string","to":"string"}]],"description":"tcp port range","description_kind":"plain","optional":true,"computed":true},"tcp_port_ranges":{"type":["list","string"],"description":"TCP port ranges used to access the app.","description_kind":"plain","optional":true,"computed":true},"udp_port_range":{"type":["set",["object",{"from":"string","to":"string"}]],"description":"udp port range","description_kind":"plain","optional":true,"computed":true},"udp_port_ranges":{"type":["list","string"],"description":"UDP port ranges used to access the app.","description_kind":"plain","optional":true,"computed":true}},"block_types":{"clientless_apps":{"nesting_mode":"list","block":{"attributes":{"allow_options":{"type":"bool","description":"If you want ZPA to forward unauthenticated HTTP preflight OPTIONS requests from the browser to the app.","description_kind":"plain","optional":true},"application_port":{"type":"string","description":"Port for the BA app.","description_kind":"plain","required":true},"application_protocol":{"type":"string","description":"Protocol for the BA app.","description_kind":"plain","required":true},"certificate_id":{"type":"string","description":"ID of the BA certificate.","description_kind":"plain","required":true},"cname":{"type":"string","description_kind":"plain","optional":true,"computed":true},"description":{"type":"string","description_kind":"plain","optional":true},"domain":{"type":"string","description":"Domain name or IP address of the BA app.","description_kind":"plain","optional":true},"enabled":{"type":"bool","description_kind":"plain","optional":true,"computed":true},"hidden":{"type":"bool","description_kind":"plain","optional":true,"computed":true},"id":{"type":"string","description_kind":"plain","computed":true},"local_domain":{"type":"string","description_kind":"plain","optional":true},"name":{"type":"string","description_kind":"plain","required":true},"path":{"type":"string","description_kind":"plain","optional":true},"trust_untrusted_cert":{"type":"bool","description":"Indicates whether Use Untrusted Certificates is enabled or disabled for a BA app.","description_kind":"plain","optional":true,"computed":true}},"description_kind":"plain"},"min_items":1},"server_groups":{"nesting_mode":"set","block":{"attributes":{"id":{"type":["list","string"],"description_kind":"plain","required":true}},"description":"List of the server group IDs.","description_kind":"plain"},"min_items":1}},"description_kind":"plain"}},"zpa_application_segment_inspection":{"version":0,"block":{"attributes":{"bypass_type":{"type":"string","description":"Indicates whether users can bypass ZPA to access applications. Default: NEVER. Supported values: ALWAYS, NEVER, ON_NET. The value NEVER indicates the use of the client forwarding policy.","description_kind":"plain","optional":true,"computed":true},"config_space":{"type":"string","description_kind":"plain","optional":true},"description":{"type":"string","description":"Description of the application.","description_kind":"plain","optional":true},"domain_names":{"type":["list","string"],"description":"List of domains and IPs.","description_kind":"plain","optional":true,"computed":true},"double_encrypt":{"type":"bool","description":"Whether Double Encryption is enabled or disabled for the app.","description_kind":"plain","optional":true,"computed":true},"enabled":{"type":"bool","description_kind":"plain","optional":true,"computed":true},"health_check_type":{"type":"string","description_kind":"plain","optional":true},"health_reporting":{"type":"string","description":"Whether health reporting for the app is Continuous or On Access. Supported values: NONE, ON_ACCESS, CONTINUOUS.","description_kind":"plain","optional":true},"icmp_access_type":{"type":"string","description_kind":"plain","optional":true,"computed":true},"id":{"type":"string","description_kind":"plain","computed":true},"ip_anchored":{"type":"bool","description_kind":"plain","optional":true,"computed":true},"is_cname_enabled":{"type":"bool","description":"Indicates if the Zscaler Client Connector (formerly Zscaler App or Z App) receives CNAME DNS records from the connectors.","description_kind":"plain","optional":true,"computed":true},"name":{"type":"string","description":"Name of the application.","description_kind":"plain","required":true},"passive_health_enabled":{"type":"bool","description_kind":"plain","optional":true,"computed":true},"segment_group_id":{"type":"string","description_kind":"plain","required":true},"segment_group_name":{"type":"string","description_kind":"plain","optional":true,"computed":true},"tcp_port_range":{"type":["set",["object",{"from":"string","to":"string"}]],"description":"tcp port range","description_kind":"plain","optional":true,"computed":true},"tcp_port_ranges":{"type":["list","string"],"description":"TCP port ranges used to access the app.","description_kind":"plain","optional":true,"computed":true},"udp_port_range":{"type":["set",["object",{"from":"string","to":"string"}]],"description":"udp port range","description_kind":"plain","optional":true,"computed":true},"udp_port_ranges":{"type":["list","string"],"description":"UDP port ranges used to access the app.","description_kind":"plain","optional":true,"computed":true}},"block_types":{"common_apps_dto":{"nesting_mode":"list","block":{"block_types":{"apps_config":{"nesting_mode":"set","block":{"attributes":{"allow_options":{"type":"bool","description_kind":"plain","optional":true,"computed":true},"app_id":{"type":"string","description_kind":"plain","optional":true,"computed":true},"app_types":{"type":["set","string"],"description_kind":"plain","optional":true,"computed":true},"application_port":{"type":"string","description_kind":"plain","optional":true,"computed":true},"application_protocol":{"type":"string","description_kind":"plain","optional":true,"computed":true},"certificate_id":{"type":"string","description_kind":"plain","optional":true,"computed":true},"certificate_name":{"type":"string","description_kind":"plain","optional":true,"computed":true},"cname":{"type":"string","description_kind":"plain","optional":true,"computed":true},"description":{"type":"string","description_kind":"plain","optional":true,"computed":true},"domain":{"type":"string","description_kind":"plain","optional":true,"computed":true},"enabled":{"type":"bool","description_kind":"plain","optional":true,"computed":true},"hidden":{"type":"bool","description_kind":"plain","optional":true,"computed":true},"id":{"type":"string","description_kind":"plain","optional":true,"computed":true},"local_domain":{"type":"string","description_kind":"plain","optional":true,"computed":true},"name":{"type":"string","description_kind":"plain","optional":true,"computed":true},"portal":{"type":"bool","description_kind":"plain","optional":true,"computed":true},"trust_untrusted_cert":{"type":"bool","description_kind":"plain","optional":true,"computed":true}},"description_kind":"plain"}}},"description_kind":"plain"},"max_items":1},"server_groups":{"nesting_mode":"set","block":{"attributes":{"id":{"type":["list","string"],"description_kind":"plain","required":true}},"description":"List of the server group IDs.","description_kind":"plain"},"min_items":1}},"description_kind":"plain"}},"zpa_application_segment_pra":{"version":0,"block":{"attributes":{"bypass_type":{"type":"string","description":"Indicates whether users can bypass ZPA to access applications. Default: NEVER. Supported values: ALWAYS, NEVER, ON_NET. The value NEVER indicates the use of the client forwarding policy.","description_kind":"plain","optional":true,"computed":true},"config_space":{"type":"string","description_kind":"plain","optional":true},"description":{"type":"string","description":"Description of the application.","description_kind":"plain","optional":true},"domain_names":{"type":["list","string"],"description":"List of domains and IPs.","description_kind":"plain","optional":true,"computed":true},"double_encrypt":{"type":"bool","description":"Whether Double Encryption is enabled or disabled for the app.","description_kind":"plain","optional":true,"computed":true},"enabled":{"type":"bool","description_kind":"plain","optional":true,"computed":true},"health_check_type":{"type":"string","description_kind":"plain","optional":true},"health_reporting":{"type":"string","description":"Whether health reporting for the app is Continuous or On Access. Supported values: NONE, ON_ACCESS, CONTINUOUS.","description_kind":"plain","optional":true},"icmp_access_type":{"type":"string","description_kind":"plain","optional":true,"computed":true},"id":{"type":"string","description_kind":"plain","computed":true},"ip_anchored":{"type":"bool","description_kind":"plain","optional":true,"computed":true},"is_cname_enabled":{"type":"bool","description":"Indicates if the Zscaler Client Connector (formerly Zscaler App or Z App) receives CNAME DNS records from the connectors.","description_kind":"plain","optional":true,"computed":true},"name":{"type":"string","description":"Name of the application.","description_kind":"plain","required":true},"passive_health_enabled":{"type":"bool","description_kind":"plain","optional":true,"computed":true},"segment_group_id":{"type":"string","description_kind":"plain","required":true},"segment_group_name":{"type":"string","description_kind":"plain","optional":true,"computed":true},"tcp_port_range":{"type":["set",["object",{"from":"string","to":"string"}]],"description":"tcp port range","description_kind":"plain","optional":true,"computed":true},"tcp_port_ranges":{"type":["list","string"],"description":"TCP port ranges used to access the app.","description_kind":"plain","optional":true,"computed":true},"udp_port_range":{"type":["set",["object",{"from":"string","to":"string"}]],"description":"udp port range","description_kind":"plain","optional":true,"computed":true},"udp_port_ranges":{"type":["list","string"],"description":"UDP port ranges used to access the app.","description_kind":"plain","optional":true,"computed":true}},"block_types":{"common_apps_dto":{"nesting_mode":"list","block":{"block_types":{"apps_config":{"nesting_mode":"set","block":{"attributes":{"allow_options":{"type":"bool","description_kind":"plain","optional":true,"computed":true},"app_id":{"type":"string","description_kind":"plain","optional":true,"computed":true},"app_types":{"type":["set","string"],"description_kind":"plain","optional":true,"computed":true},"application_port":{"type":"string","description_kind":"plain","optional":true,"computed":true},"application_protocol":{"type":"string","description_kind":"plain","optional":true,"computed":true},"cname":{"type":"string","description_kind":"plain","optional":true,"computed":true},"connection_security":{"type":"string","description_kind":"plain","optional":true,"computed":true},"description":{"type":"string","description_kind":"plain","optional":true,"computed":true},"domain":{"type":"string","description_kind":"plain","optional":true,"computed":true},"enabled":{"type":"bool","description_kind":"plain","optional":true,"computed":true},"hidden":{"type":"bool","description_kind":"plain","optional":true,"computed":true},"id":{"type":"string","description_kind":"plain","optional":true,"computed":true},"local_domain":{"type":"string","description_kind":"plain","optional":true,"computed":true},"name":{"type":"string","description_kind":"plain","optional":true,"computed":true},"portal":{"type":"bool","description_kind":"plain","optional":true,"computed":true}},"description_kind":"plain"}}},"description_kind":"plain"},"max_items":1},"server_groups":{"nesting_mode":"set","block":{"attributes":{"id":{"type":["list","string"],"description_kind":"plain","required":true}},"description":"List of the server group IDs.","description_kind":"plain"},"min_items":1}},"description_kind":"plain"}},"zpa_application_server":{"version":0,"block":{"attributes":{"address":{"type":"string","description":"This field defines the domain or IP address of the server.","description_kind":"plain","required":true},"app_server_group_ids":{"type":["set","string"],"description":"This field defines the list of server groups IDs.","description_kind":"plain","optional":true,"computed":true},"config_space":{"type":"string","description_kind":"plain","optional":true},"description":{"type":"string","description":"This field defines the description of the server.","description_kind":"plain","optional":true,"computed":true},"enabled":{"type":"bool","description":"This field defines the status of the server.","description_kind":"plain","optional":true,"computed":true},"id":{"type":"string","description_kind":"plain","computed":true},"name":{"type":"string","description":"This field defines the name of the server.","description_kind":"plain","required":true}},"description_kind":"plain"}},"zpa_browser_access":{"version":0,"block":{"attributes":{"bypass_type":{"type":"string","description":"Indicates whether users can bypass ZPA to access applications. Default: NEVER. Supported values: ALWAYS, NEVER, ON_NET. The value NEVER indicates the use of the client forwarding policy.","description_kind":"plain","optional":true},"config_space":{"type":"string","description_kind":"plain","optional":true},"description":{"type":"string","description":"Description of the application.","description_kind":"plain","optional":true},"domain_names":{"type":["set","string"],"description":"List of domains and IPs.","description_kind":"plain","required":true},"double_encrypt":{"type":"bool","description":"Whether Double Encryption is enabled or disabled for the app.","description_kind":"plain","optional":true},"enabled":{"type":"bool","description_kind":"plain","optional":true,"computed":true},"health_check_type":{"type":"string","description_kind":"plain","optional":true,"computed":true},"health_reporting":{"type":"string","description":"Whether health reporting for the app is Continuous or On Access. Supported values: NONE, ON_ACCESS, CONTINUOUS.","description_kind":"plain","optional":true,"computed":true},"icmp_access_type":{"type":"string","description_kind":"plain","optional":true},"id":{"type":"string","description_kind":"plain","computed":true},"ip_anchored":{"type":"bool","description_kind":"plain","optional":true},"is_cname_enabled":{"type":"bool","description":"Indicates if the Zscaler Client Connector (formerly Zscaler App or Z App) receives CNAME DNS records from the connectors.","description_kind":"plain","optional":true},"name":{"type":"string","description":"Name of the application.","description_kind":"plain","required":true},"passive_health_enabled":{"type":"bool","description_kind":"plain","optional":true,"computed":true},"segment_group_id":{"type":"string","description_kind":"plain","required":true},"segment_group_name":{"type":"string","description_kind":"plain","optional":true,"computed":true},"tcp_port_range":{"type":["set",["object",{"from":"string","to":"string"}]],"description":"tcp port range","description_kind":"plain","optional":true,"computed":true},"tcp_port_ranges":{"type":["list","string"],"description":"TCP port ranges used to access the app.","description_kind":"plain","optional":true,"computed":true},"udp_port_range":{"type":["set",["object",{"from":"string","to":"string"}]],"description":"udp port range","description_kind":"plain","optional":true,"computed":true},"udp_port_ranges":{"type":["list","string"],"description":"UDP port ranges used to access the app.","description_kind":"plain","optional":true,"computed":true}},"block_types":{"clientless_apps":{"nesting_mode":"list","block":{"attributes":{"allow_options":{"type":"bool","description":"If you want ZPA to forward unauthenticated HTTP preflight OPTIONS requests from the browser to the app.","description_kind":"plain","optional":true},"application_port":{"type":"string","description":"Port for the BA app.","description_kind":"plain","required":true},"application_protocol":{"type":"string","description":"Protocol for the BA app.","description_kind":"plain","required":true},"certificate_id":{"type":"string","description":"ID of the BA certificate.","description_kind":"plain","required":true},"cname":{"type":"string","description_kind":"plain","optional":true,"computed":true},"description":{"type":"string","description_kind":"plain","optional":true},"domain":{"type":"string","description":"Domain name or IP address of the BA app.","description_kind":"plain","optional":true},"enabled":{"type":"bool","description_kind":"plain","optional":true,"computed":true},"hidden":{"type":"bool","description_kind":"plain","optional":true,"computed":true},"id":{"type":"string","description_kind":"plain","computed":true},"local_domain":{"type":"string","description_kind":"plain","optional":true},"name":{"type":"string","description_kind":"plain","required":true},"path":{"type":"string","description_kind":"plain","optional":true},"trust_untrusted_cert":{"type":"bool","description":"Indicates whether Use Untrusted Certificates is enabled or disabled for a BA app.","description_kind":"plain","optional":true,"computed":true}},"description_kind":"plain"},"min_items":1},"server_groups":{"nesting_mode":"set","block":{"attributes":{"id":{"type":["list","string"],"description_kind":"plain","required":true}},"description":"List of the server group IDs.","description_kind":"plain"},"min_items":1}},"description_kind":"plain","deprecated":true}},"zpa_inspection_custom_controls":{"version":0,"block":{"attributes":{"action":{"type":"string","description":"The performed action","description_kind":"plain","optional":true,"computed":true},"action_value":{"type":"string","description_kind":"plain","optional":true,"computed":true},"control_number":{"type":"string","description_kind":"plain","optional":true,"computed":true},"control_rule_json":{"type":"string","description":"The control rule in JSON format that has the conditions and type of control for the inspection control","description_kind":"plain","optional":true,"computed":true},"default_action":{"type":"string","description":"The performed action","description_kind":"plain","required":true},"default_action_value":{"type":"string","description":"This is used to provide the redirect URL if the default action is set to REDIRECT","description_kind":"plain","optional":true,"computed":true},"description":{"type":"string","description":"Description of the custom control","description_kind":"plain","optional":true,"computed":true},"id":{"type":"string","description_kind":"plain","computed":true},"name":{"type":"string","description_kind":"plain","required":true},"paranoia_level":{"type":"string","description":"OWASP Predefined Paranoia Level. Range: [1-4], inclusive","description_kind":"plain","optional":true,"computed":true},"severity":{"type":"string","description":"Severity of the control number","description_kind":"plain","required":true},"type":{"type":"string","description":"Rules to be applied to the request or response type","description_kind":"plain","required":true},"version":{"type":"string","description_kind":"plain","optional":true,"computed":true}},"block_types":{"associated_inspection_profile_names":{"nesting_mode":"set","block":{"attributes":{"id":{"type":["set","string"],"description_kind":"plain","optional":true,"computed":true}},"description":"Name of the inspection profile","description_kind":"plain"}},"rules":{"nesting_mode":"list","block":{"attributes":{"names":{"type":["set","string"],"description":"Name of the rules. If rules.type is set to REQUEST_HEADERS, REQUEST_COOKIES, or RESPONSE_HEADERS, the rules.name field is required.","description_kind":"plain","optional":true,"computed":true},"type":{"type":"string","description":"Type value for the rules. ","description_kind":"plain","optional":true,"computed":true}},"block_types":{"conditions":{"nesting_mode":"list","block":{"attributes":{"lhs":{"type":"string","description":"Signifies the key for the object type","description_kind":"plain","optional":true,"computed":true},"op":{"type":"string","description":"Denotes the operation type.","description_kind":"plain","optional":true,"computed":true},"rhs":{"type":"string","description":"Denotes the value for the given object type. Its value depends on the key.","description_kind":"plain","optional":true,"computed":true}},"description_kind":"plain"},"max_items":1}},"description":"Rules of the custom controls applied as conditions (JSON)","description_kind":"plain"}}},"description_kind":"plain"}},"zpa_inspection_profile":{"version":0,"block":{"attributes":{"associate_all_controls":{"type":"bool","description_kind":"plain","optional":true},"common_global_override_actions_config":{"type":["map","string"],"description_kind":"plain","optional":true,"computed":true},"description":{"type":"string","description_kind":"plain","optional":true,"computed":true},"global_control_actions":{"type":["set","string"],"description_kind":"plain","optional":true,"computed":true},"id":{"type":"string","description_kind":"plain","computed":true},"incarnation_number":{"type":"string","description_kind":"plain","optional":true,"computed":true},"name":{"type":"string","description_kind":"plain","optional":true,"computed":true},"paranoia_level":{"type":"string","description_kind":"plain","optional":true,"computed":true},"predefined_controls_version":{"type":"string","description_kind":"plain","optional":true,"computed":true}},"block_types":{"controls_info":{"nesting_mode":"set","block":{"attributes":{"control_type":{"type":"string","description_kind":"plain","optional":true,"computed":true},"count":{"type":"string","description_kind":"plain","optional":true,"computed":true}},"description_kind":"plain"}},"custom_controls":{"nesting_mode":"set","block":{"attributes":{"action":{"type":"string","description_kind":"plain","required":true},"action_value":{"type":"string","description_kind":"plain","optional":true},"id":{"type":"string","description_kind":"plain","required":true}},"description_kind":"plain"}},"predefined_controls":{"nesting_mode":"set","block":{"attributes":{"action":{"type":"string","description_kind":"plain","required":true},"action_value":{"type":"string","description_kind":"plain","optional":true},"id":{"type":"string","description_kind":"plain","required":true}},"description_kind":"plain"}}},"description_kind":"plain"}},"zpa_lss_config_controller":{"version":0,"block":{"attributes":{"id":{"type":"string","description_kind":"plain","computed":true},"policy_rule_id":{"type":"string","description_kind":"plain","computed":true}},"block_types":{"config":{"nesting_mode":"list","block":{"attributes":{"audit_message":{"type":"string","description_kind":"plain","optional":true,"computed":true},"description":{"type":"string","description":"Description of the LSS configuration","description_kind":"plain","optional":true},"enabled":{"type":"bool","description":"Whether this LSS configuration is enabled or not. Supported values: true, false","description_kind":"plain","optional":true},"filter":{"type":["set","string"],"description":"Filter for the LSS configuration. Format given by the following API to get status codes: /mgmtconfig/v2/admin/lssConfig/statusCodes","description_kind":"plain","optional":true},"format":{"type":"string","description":"Format of the log type. Format given by the following API to get formats: /mgmtconfig/v2/admin/lssConfig/logType/formats","description_kind":"plain","required":true},"id":{"type":"string","description_kind":"plain","computed":true},"lss_host":{"type":"string","description":"Host of the LSS configuration","description_kind":"plain","required":true},"lss_port":{"type":"string","description":"Port of the LSS configuration","description_kind":"plain","required":true},"name":{"type":"string","description":"Name of the LSS configuration","description_kind":"plain","required":true},"source_log_type":{"type":"string","description":"Log type of the LSS configuration","description_kind":"plain","required":true},"use_tls":{"type":"bool","description_kind":"plain","optional":true}},"description_kind":"plain"},"max_items":1},"connector_groups":{"nesting_mode":"set","block":{"attributes":{"id":{"type":["list","string"],"description_kind":"plain","optional":true}},"description":"App Connector Group(s) to be added to the LSS configuration","description_kind":"plain"}},"policy_rule_resource":{"nesting_mode":"list","block":{"attributes":{"action":{"type":"string","description":"  This is for providing the rule action.","description_kind":"plain","optional":true},"action_id":{"type":"string","description":"This field defines the description of the server.","description_kind":"plain","optional":true},"bypass_default_rule":{"type":"bool","description_kind":"plain","optional":true},"custom_msg":{"type":"string","description":"This is for providing a customer message for the user.","description_kind":"plain","optional":true},"default_rule":{"type":"bool","description":"This is for providing a customer message for the user.","description_kind":"plain","optional":true},"description":{"type":"string","description":"This is the description of the access policy.","description_kind":"plain","optional":true},"id":{"type":"string","description_kind":"plain","computed":true},"lss_default_rule":{"type":"bool","description_kind":"plain","optional":true},"name":{"type":"string","description":"This is the name of the policy.","description_kind":"plain","required":true},"operator":{"type":"string","description_kind":"plain","optional":true,"computed":true},"policy_set_id":{"type":"string","description_kind":"plain","optional":true},"policy_type":{"type":"string","description_kind":"plain","optional":true,"computed":true},"priority":{"type":"string","description_kind":"plain","optional":true,"computed":true},"reauth_default_rule":{"type":"bool","description_kind":"plain","optional":true},"reauth_idle_timeout":{"type":"string","description_kind":"plain","optional":true},"reauth_timeout":{"type":"string","description_kind":"plain","optional":true},"rule_order":{"type":"string","description_kind":"plain","optional":true,"computed":true},"zpn_inspection_profile_id":{"type":"string","description_kind":"plain","optional":true}},"block_types":{"conditions":{"nesting_mode":"list","block":{"attributes":{"negated":{"type":"bool","description_kind":"plain","optional":true},"operator":{"type":"string","description_kind":"plain","required":true}},"block_types":{"operands":{"nesting_mode":"list","block":{"attributes":{"object_type":{"type":"string","description":"  This is for specifying the policy critiera.","description_kind":"plain","required":true},"values":{"type":["set","string"],"description":"This denotes a list of values for the given object type. The value depend upon the key. If rhs is defined this list will be ignored","description_kind":"plain","optional":true}},"description":"This signifies the various policy criteria.","description_kind":"plain"}}},"description":"This is for proviidng the set of conditions for the policy.","description_kind":"plain"}}},"description_kind":"plain"},"max_items":1}},"description_kind":"plain"}},"zpa_policy_access_rule":{"version":0,"block":{"attributes":{"action":{"type":"string","description":"  This is for providing the rule action.","description_kind":"plain","optional":true},"action_id":{"type":"string","description":"This field defines the description of the server.","description_kind":"plain","optional":true},"bypass_default_rule":{"type":"bool","description_kind":"plain","optional":true},"custom_msg":{"type":"string","description":"This is for providing a customer message for the user.","description_kind":"plain","optional":true},"default_rule":{"type":"bool","description":"This is for providing a customer message for the user.","description_kind":"plain","optional":true},"description":{"type":"string","description":"This is the description of the access policy.","description_kind":"plain","optional":true},"id":{"type":"string","description_kind":"plain","computed":true},"lss_default_rule":{"type":"bool","description_kind":"plain","optional":true},"name":{"type":"string","description":"This is the name of the policy.","description_kind":"plain","required":true},"operator":{"type":"string","description_kind":"plain","optional":true,"computed":true},"policy_set_id":{"type":"string","description_kind":"plain","optional":true,"computed":true},"policy_type":{"type":"string","description_kind":"plain","optional":true,"computed":true},"priority":{"type":"string","description_kind":"plain","optional":true,"computed":true},"reauth_default_rule":{"type":"bool","description_kind":"plain","optional":true},"reauth_idle_timeout":{"type":"string","description_kind":"plain","optional":true},"reauth_timeout":{"type":"string","description_kind":"plain","optional":true},"rule_order":{"type":"string","description_kind":"plain","optional":true,"computed":true},"zpn_inspection_profile_id":{"type":"string","description_kind":"plain","optional":true}},"block_types":{"app_connector_groups":{"nesting_mode":"set","block":{"attributes":{"id":{"type":["set","string"],"description_kind":"plain","optional":true}},"description":"List of app-connector IDs.","description_kind":"plain"}},"app_server_groups":{"nesting_mode":"set","block":{"attributes":{"id":{"type":["set","string"],"description_kind":"plain","optional":true}},"description":"List of the server group IDs.","description_kind":"plain"}},"conditions":{"nesting_mode":"list","block":{"attributes":{"id":{"type":"string","description_kind":"plain","computed":true},"negated":{"type":"bool","description_kind":"plain","optional":true,"computed":true},"operator":{"type":"string","description_kind":"plain","required":true}},"block_types":{"operands":{"nesting_mode":"list","block":{"attributes":{"id":{"type":"string","description_kind":"plain","computed":true},"idp_id":{"type":"string","description_kind":"plain","optional":true,"computed":true},"lhs":{"type":"string","description":"This signifies the key for the object type. String ID example: id ","description_kind":"plain","required":true},"name":{"type":"string","description_kind":"plain","optional":true,"computed":true},"object_type":{"type":"string","description":"  This is for specifying the policy critiera.","description_kind":"plain","required":true},"rhs":{"type":"string","description":"This denotes the value for the given object type. Its value depends upon the key.","description_kind":"plain","optional":true},"rhs_list":{"type":["list","string"],"description":"This denotes a list of values for the given object type. The value depend upon the key. If rhs is defined this list will be ignored","description_kind":"plain","optional":true}},"description":"This signifies the various policy criteria.","description_kind":"plain"}}},"description":"This is for proviidng the set of conditions for the policy.","description_kind":"plain"}}},"description_kind":"plain"}},"zpa_policy_forwarding_rule":{"version":0,"block":{"attributes":{"action":{"type":"string","description":"  This is for providing the rule action.","description_kind":"plain","optional":true},"action_id":{"type":"string","description":"This field defines the description of the server.","description_kind":"plain","optional":true},"bypass_default_rule":{"type":"bool","description_kind":"plain","optional":true},"custom_msg":{"type":"string","description":"This is for providing a customer message for the user.","description_kind":"plain","optional":true},"default_rule":{"type":"bool","description":"This is for providing a customer message for the user.","description_kind":"plain","optional":true},"description":{"type":"string","description":"This is the description of the access policy.","description_kind":"plain","optional":true},"id":{"type":"string","description_kind":"plain","computed":true},"lss_default_rule":{"type":"bool","description_kind":"plain","optional":true},"name":{"type":"string","description":"This is the name of the policy.","description_kind":"plain","required":true},"operator":{"type":"string","description_kind":"plain","optional":true,"computed":true},"policy_set_id":{"type":"string","description_kind":"plain","optional":true,"computed":true},"policy_type":{"type":"string","description_kind":"plain","optional":true,"computed":true},"priority":{"type":"string","description_kind":"plain","optional":true,"computed":true},"reauth_default_rule":{"type":"bool","description_kind":"plain","optional":true},"reauth_idle_timeout":{"type":"string","description_kind":"plain","optional":true},"reauth_timeout":{"type":"string","description_kind":"plain","optional":true},"rule_order":{"type":"string","description_kind":"plain","optional":true,"computed":true},"zpn_inspection_profile_id":{"type":"string","description_kind":"plain","optional":true}},"block_types":{"conditions":{"nesting_mode":"list","block":{"attributes":{"id":{"type":"string","description_kind":"plain","computed":true},"negated":{"type":"bool","description_kind":"plain","optional":true,"computed":true},"operator":{"type":"string","description_kind":"plain","required":true}},"block_types":{"operands":{"nesting_mode":"list","block":{"attributes":{"id":{"type":"string","description_kind":"plain","computed":true},"idp_id":{"type":"string","description_kind":"plain","optional":true,"computed":true},"lhs":{"type":"string","description":"This signifies the key for the object type. String ID example: id ","description_kind":"plain","required":true},"name":{"type":"string","description_kind":"plain","optional":true,"computed":true},"object_type":{"type":"string","description":"  This is for specifying the policy critiera.","description_kind":"plain","required":true},"rhs":{"type":"string","description":"This denotes the value for the given object type. Its value depends upon the key.","description_kind":"plain","optional":true},"rhs_list":{"type":["list","string"],"description":"This denotes a list of values for the given object type. The value depend upon the key. If rhs is defined this list will be ignored","description_kind":"plain","optional":true}},"description":"This signifies the various policy criteria.","description_kind":"plain"}}},"description":"This is for proviidng the set of conditions for the policy.","description_kind":"plain"}}},"description_kind":"plain"}},"zpa_policy_inspection_rule":{"version":0,"block":{"attributes":{"action":{"type":"string","description":"This is for providing the rule action.","description_kind":"plain","optional":true},"action_id":{"type":"string","description":"This field defines the description of the server.","description_kind":"plain","optional":true},"bypass_default_rule":{"type":"bool","description_kind":"plain","optional":true},"custom_msg":{"type":"string","description":"This is for providing a customer message for the user.","description_kind":"plain","optional":true},"default_rule":{"type":"bool","description":"This is for providing a customer message for the user.","description_kind":"plain","optional":true},"description":{"type":"string","description":"This is the description of the access policy.","description_kind":"plain","optional":true},"id":{"type":"string","description_kind":"plain","computed":true},"lss_default_rule":{"type":"bool","description_kind":"plain","optional":true},"name":{"type":"string","description":"This is the name of the policy.","description_kind":"plain","required":true},"operator":{"type":"string","description_kind":"plain","optional":true,"computed":true},"policy_set_id":{"type":"string","description_kind":"plain","optional":true,"computed":true},"policy_type":{"type":"string","description_kind":"plain","optional":true,"computed":true},"priority":{"type":"string","description_kind":"plain","optional":true,"computed":true},"reauth_default_rule":{"type":"bool","description_kind":"plain","optional":true},"reauth_idle_timeout":{"type":"string","description_kind":"plain","optional":true},"reauth_timeout":{"type":"string","description_kind":"plain","optional":true},"rule_order":{"type":"string","description_kind":"plain","optional":true,"computed":true},"zpn_inspection_profile_id":{"type":"string","description_kind":"plain","optional":true}},"block_types":{"conditions":{"nesting_mode":"list","block":{"attributes":{"id":{"type":"string","description_kind":"plain","computed":true},"negated":{"type":"bool","description_kind":"plain","optional":true,"computed":true},"operator":{"type":"string","description_kind":"plain","required":true}},"block_types":{"operands":{"nesting_mode":"list","block":{"attributes":{"id":{"type":"string","description_kind":"plain","computed":true},"idp_id":{"type":"string","description_kind":"plain","optional":true,"computed":true},"lhs":{"type":"string","description":"This signifies the key for the object type. String ID example: id ","description_kind":"plain","required":true},"name":{"type":"string","description_kind":"plain","optional":true,"computed":true},"object_type":{"type":"string","description":"  This is for specifying the policy critiera.","description_kind":"plain","required":true},"rhs":{"type":"string","description":"This denotes the value for the given object type. Its value depends upon the key.","description_kind":"plain","optional":true},"rhs_list":{"type":["list","string"],"description":"This denotes a list of values for the given object type. The value depend upon the key. If rhs is defined this list will be ignored","description_kind":"plain","optional":true}},"description":"This signifies the various policy criteria.","description_kind":"plain"}}},"description":"This is for proviidng the set of conditions for the policy.","description_kind":"plain"}}},"description_kind":"plain"}},"zpa_policy_timeout_rule":{"version":0,"block":{"attributes":{"action":{"type":"string","description":"  This is for providing the rule action.","description_kind":"plain","optional":true},"action_id":{"type":"string","description":"This field defines the description of the server.","description_kind":"plain","optional":true},"bypass_default_rule":{"type":"bool","description_kind":"plain","optional":true},"custom_msg":{"type":"string","description":"This is for providing a customer message for the user.","description_kind":"plain","optional":true},"default_rule":{"type":"bool","description":"This is for providing a customer message for the user.","description_kind":"plain","optional":true},"description":{"type":"string","description":"This is the description of the access policy.","description_kind":"plain","optional":true},"id":{"type":"string","description_kind":"plain","computed":true},"lss_default_rule":{"type":"bool","description_kind":"plain","optional":true},"name":{"type":"string","description":"This is the name of the policy.","description_kind":"plain","required":true},"operator":{"type":"string","description_kind":"plain","optional":true,"computed":true},"policy_set_id":{"type":"string","description_kind":"plain","optional":true,"computed":true},"policy_type":{"type":"string","description_kind":"plain","optional":true,"computed":true},"priority":{"type":"string","description_kind":"plain","optional":true,"computed":true},"reauth_default_rule":{"type":"bool","description_kind":"plain","optional":true},"reauth_idle_timeout":{"type":"string","description_kind":"plain","optional":true},"reauth_timeout":{"type":"string","description_kind":"plain","optional":true},"rule_order":{"type":"string","description_kind":"plain","optional":true,"computed":true},"zpn_inspection_profile_id":{"type":"string","description_kind":"plain","optional":true}},"block_types":{"conditions":{"nesting_mode":"list","block":{"attributes":{"id":{"type":"string","description_kind":"plain","computed":true},"negated":{"type":"bool","description_kind":"plain","optional":true,"computed":true},"operator":{"type":"string","description_kind":"plain","required":true}},"block_types":{"operands":{"nesting_mode":"list","block":{"attributes":{"id":{"type":"string","description_kind":"plain","computed":true},"idp_id":{"type":"string","description_kind":"plain","optional":true,"computed":true},"lhs":{"type":"string","description":"This signifies the key for the object type. String ID example: id ","description_kind":"plain","required":true},"name":{"type":"string","description_kind":"plain","optional":true,"computed":true},"object_type":{"type":"string","description":"  This is for specifying the policy critiera.","description_kind":"plain","required":true},"rhs":{"type":"string","description":"This denotes the value for the given object type. Its value depends upon the key.","description_kind":"plain","optional":true},"rhs_list":{"type":["list","string"],"description":"This denotes a list of values for the given object type. The value depend upon the key. If rhs is defined this list will be ignored","description_kind":"plain","optional":true}},"description":"This signifies the various policy criteria.","description_kind":"plain"}}},"description":"This is for proviidng the set of conditions for the policy.","description_kind":"plain"}}},"description_kind":"plain"}},"zpa_provisioning_key":{"version":0,"block":{"attributes":{"app_connector_group_id":{"type":"string","description_kind":"plain","optional":true},"app_connector_group_name":{"type":"string","description":"Read only property. Applicable only for GET calls, ignored in PUT/POST calls.","description_kind":"plain","computed":true},"association_type":{"type":"string","description":"Specifies the provisioning key type for App Connectors or ZPA Private Service Edges. The supported values are CONNECTOR_GRP and SERVICE_EDGE_GRP.","description_kind":"plain","required":true},"enabled":{"type":"bool","description":"Whether the provisioning key is enabled or not. Supported values: true, false","description_kind":"plain","optional":true},"enrollment_cert_id":{"type":"string","description":"ID of the enrollment certificate that can be used for this provisioning key.","description_kind":"plain","required":true},"enrollment_cert_name":{"type":"string","description":"Read only property. Applicable only for GET calls, ignored in PUT/POST calls.","description_kind":"plain","computed":true},"id":{"type":"string","description_kind":"plain","optional":true,"computed":true},"ip_acl":{"type":["set","string"],"description_kind":"plain","optional":true},"max_usage":{"type":"string","description":"The maximum number of instances where this provisioning key can be used for enrolling an App Connector or Service Edge.","description_kind":"plain","required":true},"name":{"type":"string","description":"Name of the provisioning key.","description_kind":"plain","required":true},"provisioning_key":{"type":"string","description":"read only field. Ignored in PUT/POST calls.","description_kind":"plain","computed":true,"sensitive":true},"ui_config":{"type":"string","description_kind":"plain","optional":true},"usage_count":{"type":"string","description":"The provisioning key utilization count.","description_kind":"plain","optional":true,"computed":true},"zcomponent_id":{"type":"string","description":"ID of the existing App Connector or Service Edge Group.","description_kind":"plain","required":true},"zcomponent_name":{"type":"string","description":"Read only property. Applicable only for GET calls, ignored in PUT/POST calls.","description_kind":"plain","optional":true,"computed":true}},"description_kind":"plain"}},"zpa_segment_group":{"version":0,"block":{"attributes":{"config_space":{"type":"string","description_kind":"plain","optional":true},"description":{"type":"string","description":"Description of the app group.","description_kind":"plain","optional":true},"enabled":{"type":"bool","description":"Whether this app group is enabled or not.","description_kind":"plain","optional":true},"id":{"type":"string","description_kind":"plain","computed":true},"name":{"type":"string","description":"Name of the app group.","description_kind":"plain","required":true},"policy_migrated":{"type":"bool","description_kind":"plain","optional":true},"tcp_keep_alive_enabled":{"type":"string","description_kind":"plain","optional":true}},"block_types":{"applications":{"nesting_mode":"list","block":{"attributes":{"id":{"type":"string","description_kind":"plain","optional":true}},"description_kind":"plain"}}},"description_kind":"plain"}},"zpa_server_group":{"version":0,"block":{"attributes":{"config_space":{"type":"string","description_kind":"plain","optional":true},"description":{"type":"string","description":"This field is the description of the server group.","description_kind":"plain","optional":true},"dynamic_discovery":{"type":"bool","description":"This field controls dynamic discovery of the servers.","description_kind":"plain","optional":true},"enabled":{"type":"bool","description":"This field defines if the server group is enabled or disabled.","description_kind":"plain","optional":true},"id":{"type":"string","description_kind":"plain","computed":true},"ip_anchored":{"type":"bool","description_kind":"plain","optional":true},"name":{"type":"string","description":"This field defines the name of the server group.","description_kind":"plain","required":true}},"block_types":{"app_connector_groups":{"nesting_mode":"set","block":{"attributes":{"id":{"type":["set","string"],"description_kind":"plain","optional":true}},"description":"List of app-connector IDs.","description_kind":"plain"}},"applications":{"nesting_mode":"set","block":{"attributes":{"id":{"type":["list","string"],"description_kind":"plain","optional":true}},"description":"This field is a json array of app-connector-id only.","description_kind":"plain"}},"servers":{"nesting_mode":"set","block":{"attributes":{"id":{"type":["list","string"],"description_kind":"plain","optional":true}},"description":"This field is a list of servers that are applicable only when dynamic discovery is disabled. Server name is required only in cases where the new servers need to be created in this API. For existing servers, pass only the serverId.","description_kind":"plain"}}},"description_kind":"plain"}},"zpa_service_edge_group":{"version":0,"block":{"attributes":{"city_country":{"type":"string","description_kind":"plain","optional":true,"computed":true},"country_code":{"type":"string","description_kind":"plain","optional":true,"computed":true},"description":{"type":"string","description":"Description of the Service Edge Group.","description_kind":"plain","optional":true},"enabled":{"type":"bool","description":"Whether this Service Edge Group is enabled or not.","description_kind":"plain","optional":true},"id":{"type":"string","description_kind":"plain","computed":true},"is_public":{"type":"bool","description":"Enable or disable public access for the Service Edge Group.","description_kind":"plain","optional":true},"latitude":{"type":"string","description":"Latitude for the Service Edge Group.","description_kind":"plain","required":true},"location":{"type":"string","description":"Location for the Service Edge Group.","description_kind":"plain","required":true},"longitude":{"type":"string","description":"Longitude for the Service Edge Group.","description_kind":"plain","required":true},"name":{"type":"string","description":"Name of the Service Edge Group.","description_kind":"plain","required":true},"override_version_profile":{"type":"bool","description":"Whether the default version profile of the App Connector Group is applied or overridden.","description_kind":"plain","optional":true},"upgrade_day":{"type":"string","description":"Service Edges in this group will attempt to update to a newer version of the software during this specified day.","description_kind":"plain","optional":true},"upgrade_time_in_secs":{"type":"string","description":"Service Edges in this group will attempt to update to a newer version of the software during this specified time.","description_kind":"plain","optional":true},"version_profile_id":{"type":"string","description":"ID of the version profile.","description_kind":"plain","optional":true,"computed":true},"version_profile_name":{"type":"string","description":"ID of the version profile.","description_kind":"plain","optional":true,"computed":true},"version_profile_visibility_scope":{"type":"string","description":"ID of the version profile.","description_kind":"plain","computed":true}},"block_types":{"service_edges":{"nesting_mode":"set","block":{"attributes":{"id":{"type":["list","string"],"description_kind":"plain","optional":true}},"description_kind":"plain"}},"trusted_networks":{"nesting_mode":"set","block":{"attributes":{"id":{"type":["list","string"],"description_kind":"plain","optional":true}},"description_kind":"plain"}}},"description_kind":"plain"}}},"data_source_schemas":{"zpa_app_connector_controller":{"version":0,"block":{"attributes":{"app_connector_group_id":{"type":"string","description_kind":"plain","computed":true},"app_connector_group_name":{"type":"string","description_kind":"plain","computed":true},"application_start_time":{"type":"string","description_kind":"plain","computed":true},"control_channel_status":{"type":"string","description_kind":"plain","computed":true},"creation_time":{"type":"string","description_kind":"plain","computed":true},"ctrl_broker_name":{"type":"string","description_kind":"plain","computed":true},"current_version":{"type":"string","description_kind":"plain","computed":true},"description":{"type":"string","description_kind":"plain","computed":true},"enabled":{"type":"bool","description_kind":"plain","computed":true},"enrollment_cert":{"type":["map","string"],"description_kind":"plain","computed":true},"expected_upgrade_time":{"type":"string","description_kind":"plain","computed":true},"expected_version":{"type":"string","description_kind":"plain","computed":true},"fingerprint":{"type":"string","description_kind":"plain","computed":true},"id":{"type":"string","description_kind":"plain","computed":true},"ip_acl":{"type":"string","description_kind":"plain","computed":true},"issued_cert_id":{"type":"string","description_kind":"plain","computed":true},"last_broker_connect_time":{"type":"string","description_kind":"plain","computed":true},"last_broker_connect_time_duration":{"type":"string","description_kind":"plain","computed":true},"last_broker_disconnect_time":{"type":"string","description_kind":"plain","computed":true},"last_broker_disconnect_time_duration":{"type":"string","description_kind":"plain","computed":true},"last_upgrade_time":{"type":"string","description_kind":"plain","computed":true},"latitude":{"type":"string","description_kind":"plain","computed":true},"location":{"type":"string","description_kind":"plain","computed":true},"longitude":{"type":"string","description_kind":"plain","computed":true},"modified_time":{"type":"string","description_kind":"plain","computed":true},"modifiedby":{"type":"string","description_kind":"plain","computed":true},"name":{"type":"string","description_kind":"plain","optional":true},"platform":{"type":"string","description_kind":"plain","computed":true},"previous_version":{"type":"string","description_kind":"plain","computed":true},"private_ip":{"type":"string","description_kind":"plain","computed":true},"provisioning_key_id":{"type":"string","description_kind":"plain","computed":true},"provisioning_key_name":{"type":"string","description_kind":"plain","computed":true},"public_ip":{"type":"string","description_kind":"plain","computed":true},"sarge_version":{"type":"string","description_kind":"plain","computed":true},"upgrade_attempt":{"type":"string","description_kind":"plain","computed":true},"upgrade_status":{"type":"string","description_kind":"plain","computed":true}},"description_kind":"plain"}},"zpa_app_connector_group":{"version":0,"block":{"attributes":{"city_country":{"type":"string","description_kind":"plain","computed":true},"connectors":{"type":["list",["object",{"appconnector_group_id":"string","appconnector_group_name":"string","application_start_time":"string","control_channel_status":"string","creation_time":"string","ctrl_broker_name":"string","current_version":"string","description":"string","enabled":"bool","enrollment_cert":["map","string"],"expected_upgrade_time":"string","expected_version":"string","fingerprint":"string","id":"string","ipacl":"string","issued_cert_id":"string","last_broker_connect_time":"string","last_broker_connect_time_duration":"string","last_broker_disconnect_time":"string","last_broker_disconnect_time_duration":"string","last_upgrade_time":"string","latitude":"string","location":"string","longitude":"string","modified_time":"string","modifiedby":"string","name":"string","platform":"string","previous_version":"string","private_ip":"string","provisioning_key_id":"string","provisioning_key_name":"string","public_ip":"string","sarge_version":"string","upgrade_attempt":"string","upgrade_status":"string"}]],"description_kind":"plain","computed":true},"country_code":{"type":"string","description_kind":"plain","computed":true},"creation_time":{"type":"string","description_kind":"plain","computed":true},"description":{"type":"string","description_kind":"plain","computed":true},"dns_query_type":{"type":"string","description_kind":"plain","computed":true},"enabled":{"type":"bool","description_kind":"plain","computed":true},"geo_location_id":{"type":"string","description_kind":"plain","computed":true},"id":{"type":"string","description_kind":"plain","optional":true},"latitude":{"type":"string","description_kind":"plain","computed":true},"location":{"type":"string","description_kind":"plain","computed":true},"longitude":{"type":"string","description_kind":"plain","computed":true},"lss_app_connector_group":{"type":"bool","description_kind":"plain","computed":true},"modified_time":{"type":"string","description_kind":"plain","computed":true},"modifiedby":{"type":"string","description_kind":"plain","computed":true},"name":{"type":"string","description_kind":"plain","optional":true},"override_version_profile":{"type":"bool","description_kind":"plain","optional":true},"server_groups":{"type":["list",["object",{"config_space":"string","creation_time":"string","description":"string","dynamic_discovery":"bool","enabled":"bool","id":"string","modified_time":"string","modifiedby":"string","name":"string"}]],"description_kind":"plain","computed":true},"tcp_quick_ack_app":{"type":"bool","description":"Whether TCP Quick Acknowledgement is enabled or disabled for the application. The tcpQuickAckApp, tcpQuickAckAssistant, and tcpQuickAckReadAssistant fields must all share the same value.","description_kind":"plain","computed":true},"tcp_quick_ack_assistant":{"type":"bool","description":"Whether TCP Quick Acknowledgement is enabled or disabled for the application. The tcpQuickAckApp, tcpQuickAckAssistant, and tcpQuickAckReadAssistant fields must all share the same value.","description_kind":"plain","computed":true},"tcp_quick_ack_read_assistant":{"type":"bool","description":"Whether TCP Quick Acknowledgement is enabled or disabled for the application. The tcpQuickAckApp, tcpQuickAckAssistant, and tcpQuickAckReadAssistant fields must all share the same value.","description_kind":"plain","computed":true},"upgrade_day":{"type":"string","description_kind":"plain","computed":true},"upgrade_time_in_secs":{"type":"string","description_kind":"plain","computed":true},"use_in_dr_mode":{"type":"bool","description_kind":"plain","computed":true},"version_profile_id":{"type":"string","description_kind":"plain","computed":true},"version_profile_name":{"type":"string","description_kind":"plain","computed":true},"version_profile_visibility_scope":{"type":"string","description_kind":"plain","computed":true}},"description_kind":"plain"}},"zpa_application_segment":{"version":0,"block":{"attributes":{"bypass_type":{"type":"string","description_kind":"plain","computed":true},"config_space":{"type":"string","description_kind":"plain","computed":true},"creation_time":{"type":"string","description_kind":"plain","computed":true},"default_idle_timeout":{"type":"string","description_kind":"plain","computed":true},"default_max_age":{"type":"string","description_kind":"plain","computed":true},"description":{"type":"string","description_kind":"plain","computed":true},"domain_names":{"type":["list","string"],"description_kind":"plain","computed":true},"double_encrypt":{"type":"bool","description_kind":"plain","computed":true},"enabled":{"type":"bool","description_kind":"plain","computed":true},"health_check_type":{"type":"string","description_kind":"plain","computed":true},"health_reporting":{"type":"string","description_kind":"plain","computed":true},"id":{"type":"string","description_kind":"plain","optional":true},"ip_anchored":{"type":"bool","description_kind":"plain","computed":true},"is_cname_enabled":{"type":"bool","description_kind":"plain","computed":true},"modified_time":{"type":"string","description_kind":"plain","computed":true},"modifiedby":{"type":"string","description_kind":"plain","computed":true},"name":{"type":"string","description_kind":"plain","optional":true},"passive_health_enabled":{"type":"bool","description_kind":"plain","computed":true},"segment_group_id":{"type":"string","description_kind":"plain","computed":true},"segment_group_name":{"type":"string","description_kind":"plain","computed":true},"select_connector_close_to_app":{"type":"bool","description_kind":"plain","computed":true},"server_groups":{"type":["list",["object",{"config_space":"string","creation_time":"string","description":"string","dynamic_discovery":"bool","enabled":"bool","id":"string","modified_time":"string","modifiedby":"string","name":"string"}]],"description_kind":"plain","computed":true},"tcp_port_ranges":{"type":["list","string"],"description_kind":"plain","computed":true},"udp_port_ranges":{"type":["list","string"],"description_kind":"plain","computed":true}},"block_types":{"tcp_port_range":{"nesting_mode":"set","block":{"attributes":{"from":{"type":"string","description_kind":"plain","optional":true},"to":{"type":"string","description_kind":"plain","optional":true}},"description":"tcp port range","description_kind":"plain"}},"udp_port_range":{"nesting_mode":"set","block":{"attributes":{"from":{"type":"string","description_kind":"plain","optional":true},"to":{"type":"string","description_kind":"plain","optional":true}},"description":"udp port range","description_kind":"plain"}}},"description_kind":"plain"}},"zpa_application_segment_browser_access":{"version":0,"block":{"attributes":{"bypass_type":{"type":"string","description_kind":"plain","computed":true},"clientless_apps":{"type":["list",["object",{"allow_options":"bool","app_id":"string","application_port":"string","application_protocol":"string","certificate_id":"string","certificate_name":"string","cname":"string","description":"string","domain":"string","enabled":"bool","hidden":"bool","id":"string","local_domain":"string","name":"string","path":"string","trust_untrusted_cert":"bool"}]],"description_kind":"plain","computed":true},"config_space":{"type":"string","description_kind":"plain","computed":true},"description":{"type":"string","description":"Description of the application.","description_kind":"plain","computed":true},"domain_names":{"type":["list","string"],"description":"List of domains and IPs.","description_kind":"plain","computed":true},"double_encrypt":{"type":"bool","description":"Whether Double Encryption is enabled or disabled for the app.","description_kind":"plain","computed":true},"enabled":{"type":"bool","description_kind":"plain","computed":true},"health_check_type":{"type":"string","description_kind":"plain","computed":true},"health_reporting":{"type":"string","description":"Whether health reporting for the app is Continuous or On Access. Supported values: NONE, ON_ACCESS, CONTINUOUS.","description_kind":"plain","computed":true},"id":{"type":"string","description_kind":"plain","optional":true},"ip_anchored":{"type":"bool","description_kind":"plain","computed":true},"is_cname_enabled":{"type":"bool","description":"Indicates if the Zscaler Client Connector (formerly Zscaler App or Z App) receives CNAME DNS records from the connectors.","description_kind":"plain","computed":true},"name":{"type":"string","description":"Name of the application.","description_kind":"plain","optional":true},"passive_health_enabled":{"type":"bool","description_kind":"plain","computed":true},"segment_group_id":{"type":"string","description_kind":"plain","computed":true},"segment_group_name":{"type":"string","description_kind":"plain","computed":true},"server_groups":{"type":["set",["object",{"id":["list","string"]}]],"description":"List of the server group IDs.","description_kind":"plain","computed":true},"tcp_port_ranges":{"type":["list","string"],"description":"TCP port ranges used to access the app.","description_kind":"plain","computed":true},"udp_port_ranges":{"type":["list","string"],"description":"UDP port ranges used to access the app.","description_kind":"plain","computed":true}},"block_types":{"tcp_port_range":{"nesting_mode":"set","block":{"attributes":{"from":{"type":"string","description_kind":"plain","optional":true},"to":{"type":"string","description_kind":"plain","optional":true}},"description":"tcp port range","description_kind":"plain"}},"udp_port_range":{"nesting_mode":"set","block":{"attributes":{"from":{"type":"string","description_kind":"plain","optional":true},"to":{"type":"string","description_kind":"plain","optional":true}},"description":"udp port range","description_kind":"plain"}}},"description_kind":"plain"}},"zpa_application_segment_inspection":{"version":0,"block":{"attributes":{"bypass_type":{"type":"string","description_kind":"plain","computed":true},"creation_time":{"type":"string","description_kind":"plain","computed":true},"description":{"type":"string","description":"Description of the application.","description_kind":"plain","computed":true},"domain_names":{"type":["list","string"],"description":"List of domains and IPs.","description_kind":"plain","computed":true},"double_encrypt":{"type":"bool","description":"Whether Double Encryption is enabled or disabled for the app.","description_kind":"plain","computed":true},"enabled":{"type":"bool","description_kind":"plain","computed":true},"health_check_type":{"type":"string","description_kind":"plain","computed":true},"health_reporting":{"type":"string","description":"Whether health reporting for the app is Continuous or On Access. Supported values: NONE, ON_ACCESS, CONTINUOUS.","description_kind":"plain","computed":true},"icmp_access_type":{"type":"string","description_kind":"plain","computed":true},"id":{"type":"string","description_kind":"plain","optional":true},"inspection_apps":{"type":["list",["object",{"app_id":"string","application_port":"string","application_protocol":"string","certificate_id":"string","certificate_name":"string","description":"string","domain":"string","enabled":"bool","id":"string","name":"string"}]],"description_kind":"plain","computed":true},"ip_anchored":{"type":"bool","description_kind":"plain","computed":true},"is_cname_enabled":{"type":"bool","description":"Indicates if the Zscaler Client Connector (formerly Zscaler App or Z App) receives CNAME DNS records from the connectors.","description_kind":"plain","computed":true},"modified_by":{"type":"string","description_kind":"plain","computed":true},"modified_time":{"type":"string","description_kind":"plain","computed":true},"name":{"type":"string","description":"Name of the application.","description_kind":"plain","optional":true},"passive_health_enabled":{"type":"bool","description_kind":"plain","computed":true},"segment_group_id":{"type":"string","description_kind":"plain","computed":true},"segment_group_name":{"type":"string","description_kind":"plain","computed":true},"select_connector_close_to_app":{"type":"bool","description_kind":"plain","computed":true},"server_groups":{"type":["set",["object",{"id":["list","string"]}]],"description":"List of the server group IDs.","description_kind":"plain","computed":true},"tcp_port_range":{"type":["set",["object",{"from":"string","to":"string"}]],"description":"tcp port range","description_kind":"plain","optional":true,"computed":true},"tcp_port_ranges":{"type":["list","string"],"description":"TCP port ranges used to access the app.","description_kind":"plain","computed":true},"udp_port_range":{"type":["set",["object",{"from":"string","to":"string"}]],"description":"udp port range","description_kind":"plain","optional":true,"computed":true},"udp_port_ranges":{"type":["list","string"],"description":"UDP port ranges used to access the app.","description_kind":"plain","computed":true}},"description_kind":"plain"}},"zpa_application_segment_pra":{"version":0,"block":{"attributes":{"bypass_type":{"type":"string","description_kind":"plain","computed":true},"config_space":{"type":"string","description_kind":"plain","computed":true},"description":{"type":"string","description":"Description of the application.","description_kind":"plain","computed":true},"domain_names":{"type":["list","string"],"description":"List of domains and IPs.","description_kind":"plain","computed":true},"double_encrypt":{"type":"bool","description":"Whether Double Encryption is enabled or disabled for the app.","description_kind":"plain","computed":true},"enabled":{"type":"bool","description_kind":"plain","computed":true},"health_check_type":{"type":"string","description_kind":"plain","computed":true},"health_reporting":{"type":"string","description":"Whether health reporting for the app is Continuous or On Access. Supported values: NONE, ON_ACCESS, CONTINUOUS.","description_kind":"plain","computed":true},"id":{"type":"string","description_kind":"plain","optional":true},"ip_anchored":{"type":"bool","description_kind":"plain","computed":true},"is_cname_enabled":{"type":"bool","description":"Indicates if the Zscaler Client Connector (formerly Zscaler App or Z App) receives CNAME DNS records from the connectors.","description_kind":"plain","computed":true},"name":{"type":"string","description":"Name of the application.","description_kind":"plain","optional":true},"passive_health_enabled":{"type":"bool","description_kind":"plain","computed":true},"segment_group_id":{"type":"string","description_kind":"plain","computed":true},"segment_group_name":{"type":"string","description_kind":"plain","computed":true},"server_groups":{"type":["set",["object",{"id":["list","string"]}]],"description":"List of the server group IDs.","description_kind":"plain","computed":true},"sra_apps":{"type":["list",["object",{"app_id":"string","application_port":"string","application_protocol":"string","certificate_id":"string","certificate_name":"string","connection_security":"string","description":"string","domain":"string","enabled":"bool","hidden":"bool","id":"string","name":"string","portal":"bool"}]],"description_kind":"plain","computed":true},"tcp_port_range":{"type":["set",["object",{"from":"string","to":"string"}]],"description":"tcp port range","description_kind":"plain","optional":true,"computed":true},"tcp_port_ranges":{"type":["list","string"],"description":"TCP port ranges used to access the app.","description_kind":"plain","computed":true},"udp_port_range":{"type":["set",["object",{"from":"string","to":"string"}]],"description":"udp port range","description_kind":"plain","optional":true,"computed":true},"udp_port_ranges":{"type":["list","string"],"description":"UDP port ranges used to access the app.","description_kind":"plain","computed":true}},"description_kind":"plain"}},"zpa_application_server":{"version":0,"block":{"attributes":{"address":{"type":"string","description_kind":"plain","computed":true},"app_server_group_ids":{"type":["set","string"],"description_kind":"plain","computed":true},"config_space":{"type":"string","description_kind":"plain","computed":true},"creation_time":{"type":"string","description_kind":"plain","computed":true},"description":{"type":"string","description_kind":"plain","computed":true},"enabled":{"type":"bool","description_kind":"plain","computed":true},"id":{"type":"string","description_kind":"plain","optional":true},"modified_time":{"type":"string","description_kind":"plain","computed":true},"modifiedby":{"type":"string","description_kind":"plain","computed":true},"name":{"type":"string","description_kind":"plain","optional":true}},"description_kind":"plain"}},"zpa_ba_certificate":{"version":0,"block":{"attributes":{"cert_chain":{"type":"string","description_kind":"plain","computed":true},"cname":{"type":"string","description_kind":"plain","computed":true},"creation_time":{"type":"string","description_kind":"plain","computed":true},"description":{"type":"string","description_kind":"plain","computed":true},"id":{"type":"string","description_kind":"plain","optional":true},"issued_by":{"type":"string","description_kind":"plain","computed":true},"issued_to":{"type":"string","description_kind":"plain","computed":true},"modified_time":{"type":"string","description_kind":"plain","computed":true},"modifiedby":{"type":"string","description_kind":"plain","computed":true},"name":{"type":"string","description_kind":"plain","optional":true},"san":{"type":["list","string"],"description_kind":"plain","computed":true},"serial_no":{"type":"string","description_kind":"plain","computed":true},"status":{"type":"string","description_kind":"plain","computed":true},"valid_from_in_epochsec":{"type":"string","description_kind":"plain","computed":true},"valid_to_in_epochsec":{"type":"string","description_kind":"plain","computed":true}},"description_kind":"plain"}},"zpa_cloud_connector_group":{"version":0,"block":{"attributes":{"cloud_connectors":{"type":["list",["object",{"creation_time":"string","description":"string","enabled":"bool","fingerprint":"string","id":"string","ipacl":["list","string"],"issued_cert_id":"string","modified_time":"string","modifiedby":"string","name":"string","signing_cert":["map","string"]}]],"description_kind":"plain","computed":true},"creation_time":{"type":"string","description_kind":"plain","computed":true},"description":{"type":"string","description_kind":"plain","computed":true},"enabled":{"type":"bool","description_kind":"plain","computed":true},"geolocation_id":{"type":"string","description_kind":"plain","computed":true},"id":{"type":"string","description_kind":"plain","optional":true},"modified_time":{"type":"string","description_kind":"plain","computed":true},"modifiedby":{"type":"string","description_kind":"plain","computed":true},"name":{"type":"string","description_kind":"plain","optional":true},"zia_cloud":{"type":"string","description_kind":"plain","computed":true},"zia_org_id":{"type":"string","description_kind":"plain","computed":true}},"description_kind":"plain"}},"zpa_customer_version_profile":{"version":0,"block":{"attributes":{"creation_time":{"type":"string","description_kind":"plain","computed":true},"custom_scope_customer_ids":{"type":["list",["object",{"customer_id":"string","exclude_constellation":"bool","name":"string"}]],"description_kind":"plain","computed":true},"customer_id":{"type":"string","description_kind":"plain","computed":true},"description":{"type":"string","description_kind":"plain","computed":true},"id":{"type":"string","description_kind":"plain","computed":true},"modified_by":{"type":"string","description_kind":"plain","computed":true},"modified_time":{"type":"string","description_kind":"plain","computed":true},"name":{"type":"string","description_kind":"plain","required":true},"upgrade_priority":{"type":"string","description_kind":"plain","computed":true},"versions":{"type":["list",["object",{"creation_time":"string","customer_id":"string","id":"string","modified_by":"string","modified_time":"string","platform":"string","restart_after_uptime_in_days":"string","role":"string","version":"string","version_profile_gid":"string"}]],"description_kind":"plain","computed":true},"visibility_scope":{"type":"string","description_kind":"plain","computed":true}},"description_kind":"plain"}},"zpa_enrollment_cert":{"version":0,"block":{"attributes":{"allow_signing":{"type":"bool","description_kind":"plain","computed":true},"certificate":{"type":"string","description":"certificate text in pem format.","description_kind":"plain","computed":true},"client_cert_type":{"type":"string","description_kind":"plain","computed":true},"cname":{"type":"string","description_kind":"plain","computed":true},"creation_time":{"type":"string","description_kind":"plain","computed":true},"csr":{"type":"string","description_kind":"plain","computed":true},"description":{"type":"string","description_kind":"plain","computed":true},"id":{"type":"string","description_kind":"plain","optional":true},"issued_by":{"type":"string","description_kind":"plain","computed":true},"issued_to":{"type":"string","description_kind":"plain","computed":true},"modified_by":{"type":"string","description_kind":"plain","computed":true},"modified_time":{"type":"string","description_kind":"plain","computed":true},"name":{"type":"string","description_kind":"plain","optional":true},"parent_cert_id":{"type":"string","description_kind":"plain","computed":true},"parent_cert_name":{"type":"string","description_kind":"plain","computed":true},"private_key":{"type":"string","description_kind":"plain","computed":true},"private_key_present":{"type":"bool","description_kind":"plain","computed":true},"serial_no":{"type":"string","description_kind":"plain","computed":true},"valid_from_in_epoch_sec":{"type":"string","description_kind":"plain","computed":true},"valid_to_in_epoch_sec":{"type":"string","description_kind":"plain","computed":true},"zrsa_encrypted_private_key":{"type":"string","description_kind":"plain","computed":true},"zrsa_encrypted_session_key":{"type":"string","description_kind":"plain","computed":true}},"description_kind":"plain"}},"zpa_idp_controller":{"version":0,"block":{"attributes":{"admin_metadata":{"type":["list",["object",{"certificate_url":"string","sp_base_url":"string","sp_entity_id":"string","sp_metadata_url":"string","sp_post_url":"string"}]],"description_kind":"plain","computed":true},"admin_sp_signing_cert_id":{"type":"string","description_kind":"plain","computed":true},"auto_provision":{"type":"string","description_kind":"plain","computed":true},"creation_time":{"type":"string","description_kind":"plain","computed":true},"description":{"type":"string","description_kind":"plain","computed":true},"disable_saml_based_policy":{"type":"bool","description_kind":"plain","computed":true},"domain_list":{"type":["list","string"],"description_kind":"plain","computed":true},"enable_scim_based_policy":{"type":"bool","description_kind":"plain","computed":true},"enabled":{"type":"bool","description":"Default value if null is True","description_kind":"plain","computed":true},"id":{"type":"string","description_kind":"plain","optional":true,"computed":true},"idp_entity_id":{"type":"string","description_kind":"plain","computed":true},"login_name_attribute":{"type":"string","description_kind":"plain","computed":true},"login_url":{"type":"string","description_kind":"plain","computed":true},"modified_time":{"type":"string","description_kind":"plain","computed":true},"modifiedby":{"type":"string","description_kind":"plain","computed":true},"name":{"type":"string","description_kind":"plain","optional":true,"computed":true},"reauth_on_user_update":{"type":"bool","description_kind":"plain","computed":true},"redirect_binding":{"type":"bool","description_kind":"plain","computed":true},"scim_enabled":{"type":"bool","description_kind":"plain","computed":true},"scim_service_provider_endpoint":{"type":"string","description_kind":"plain","computed":true},"scim_shared_secret_exists":{"type":"bool","description_kind":"plain","computed":true},"sign_saml_request":{"type":"string","description_kind":"plain","computed":true},"sso_type":{"type":["list","string"],"description_kind":"plain","computed":true},"use_custom_sp_metadata":{"type":"bool","description_kind":"plain","computed":true},"user_metadata":{"type":["set",["object",{"certificate_url":"string","sp_base_url":"string","sp_entity_id":"string","sp_metadata_url":"string","sp_post_url":"string"}]],"description_kind":"plain","computed":true},"user_sp_signing_cert_id":{"type":"string","description_kind":"plain","computed":true}},"description_kind":"plain"}},"zpa_inspection_all_predefined_controls":{"version":0,"block":{"attributes":{"group_name":{"type":"string","description_kind":"plain","optional":true},"id":{"type":"string","description_kind":"plain","optional":true,"computed":true},"list":{"type":["list",["object",{"action":"string","action_value":"string","associated_inspection_profile_names":["list",["object",{"id":"string","name":"string"}]],"attachment":"string","control_group":"string","control_number":"string","creation_time":"string","default_action":"string","default_action_value":"string","description":"string","id":"string","modified_time":"string","modifiedby":"string","name":"string","paranoia_level":"string","severity":"string","version":"string"}]],"description_kind":"plain","computed":true},"version":{"type":"string","description_kind":"plain","required":true}},"description_kind":"plain"}},"zpa_inspection_custom_controls":{"version":0,"block":{"attributes":{"action":{"type":"string","description_kind":"plain","computed":true},"action_value":{"type":"string","description_kind":"plain","computed":true},"control_number":{"type":"string","description_kind":"plain","computed":true},"control_rule_json":{"type":"string","description_kind":"plain","computed":true},"creation_time":{"type":"string","description_kind":"plain","computed":true},"default_action":{"type":"string","description_kind":"plain","computed":true},"default_action_value":{"type":"string","description_kind":"plain","computed":true},"description":{"type":"string","description_kind":"plain","computed":true},"id":{"type":"string","description_kind":"plain","optional":true,"computed":true},"modified_time":{"type":"string","description_kind":"plain","computed":true},"modifiedby":{"type":"string","description_kind":"plain","computed":true},"name":{"type":"string","description_kind":"plain","optional":true,"computed":true},"paranoia_level":{"type":"string","description_kind":"plain","computed":true},"rules":{"type":["list",["object",{"conditions":["list",["object",{"lhs":"string","op":"string","rhs":"string"}]],"names":["set","string"],"type":"string"}]],"description_kind":"plain","computed":true},"severity":{"type":"string","description_kind":"plain","computed":true},"type":{"type":"string","description_kind":"plain","computed":true},"version":{"type":"string","description_kind":"plain","computed":true}},"description_kind":"plain"}},"zpa_inspection_predefined_controls":{"version":0,"block":{"attributes":{"action":{"type":"string","description_kind":"plain","computed":true},"action_value":{"type":"string","description_kind":"plain","computed":true},"associated_inspection_profile_names":{"type":["list",["object",{"id":"string","name":"string"}]],"description_kind":"plain","computed":true},"attachment":{"type":"string","description_kind":"plain","computed":true},"control_group":{"type":"string","description_kind":"plain","computed":true},"control_number":{"type":"string","description_kind":"plain","computed":true},"creation_time":{"type":"string","description_kind":"plain","computed":true},"default_action":{"type":"string","description_kind":"plain","computed":true},"default_action_value":{"type":"string","description_kind":"plain","computed":true},"description":{"type":"string","description_kind":"plain","computed":true},"id":{"type":"string","description_kind":"plain","optional":true,"computed":true},"modified_time":{"type":"string","description_kind":"plain","computed":true},"modifiedby":{"type":"string","description_kind":"plain","computed":true},"name":{"type":"string","description_kind":"plain","optional":true,"computed":true},"paranoia_level":{"type":"string","description_kind":"plain","computed":true},"severity":{"type":"string","description_kind":"plain","computed":true},"version":{"type":"string","description_kind":"plain","optional":true}},"description_kind":"plain"}},"zpa_inspection_profile":{"version":0,"block":{"attributes":{"common_global_override_actions_config":{"type":["map","string"],"description_kind":"plain","computed":true},"controls_info":{"type":["list",["object",{"control_type":"string","count":"string"}]],"description_kind":"plain","computed":true},"creation_time":{"type":"string","description_kind":"plain","computed":true},"custom_controls":{"type":["list",["object",{"action":"string","action_value":"string","associated_inspection_profile_names":["list",["object",{"id":"string","name":"string"}]],"control_number":"string","control_rule_json":"string","creation_time":"string","default_action":"string","default_action_value":"string","description":"string","id":"string","modified_by":"string","modified_time":"string","name":"string","paranoia_level":"string","rules":["list",["object",{"conditions":["list",["object",{"lhs":"string","op":"string","rhs":"string"}]],"names":"string","type":"string"}]],"severity":"string","type":"string","version":"string"}]],"description_kind":"plain","computed":true},"description":{"type":"string","description_kind":"plain","computed":true},"global_control_actions":{"type":["list","string"],"description_kind":"plain","computed":true},"id":{"type":"string","description_kind":"plain","optional":true,"computed":true},"incarnation_number":{"type":"string","description_kind":"plain","computed":true},"modified_by":{"type":"string","description_kind":"plain","computed":true},"modified_time":{"type":"string","description_kind":"plain","computed":true},"name":{"type":"string","description_kind":"plain","optional":true,"computed":true},"paranoia_level":{"type":"string","description_kind":"plain","computed":true},"predefined_controls":{"type":["list",["object",{"action":"string","action_value":"string","associated_inspection_profile_names":["list",["object",{"id":"string","name":"string"}]],"attachment":"string","control_group":"string","control_number":"string","creation_time":"string","default_action":"string","default_action_value":"string","description":"string","id":"string","modified_by":"string","modified_time":"string","name":"string","paranoia_level":"string","severity":"string","version":"string"}]],"description_kind":"plain","computed":true},"predefined_controls_version":{"type":"string","description_kind":"plain","computed":true}},"description_kind":"plain"}},"zpa_lss_config_client_types":{"version":0,"block":{"attributes":{"id":{"type":"string","description_kind":"plain","optional":true,"computed":true},"zpn_client_type_edge_connector":{"type":"string","description_kind":"plain","computed":true},"zpn_client_type_exporter":{"type":"string","description_kind":"plain","computed":true},"zpn_client_type_ip_anchoring":{"type":"string","description_kind":"plain","computed":true},"zpn_client_type_machine_tunnel":{"type":"string","description_kind":"plain","computed":true},"zpn_client_type_slogger":{"type":"string","description_kind":"plain","computed":true},"zpn_client_type_zapp":{"type":"string","description_kind":"plain","computed":true}},"description_kind":"plain"}},"zpa_lss_config_controller":{"version":0,"block":{"attributes":{"connector_groups":{"type":["list",["object",{"id":"string"}]],"description_kind":"plain","computed":true},"id":{"type":"string","description_kind":"plain","optional":true},"policy_rule":{"type":["list",["object",{"action":"string","action_id":"string","bypass_default_rule":"bool","conditions":["list",["object",{"creation_time":"string","id":"string","modified_time":"string","modifiedby":"string","negated":"bool","operands":["list",["object",{"creation_time":"string","id":"string","idp_id":"string","lhs":"string","modified_time":"string","modifiedby":"string","name":"string","object_type":"string","operator":"string","rhs":"string"}]],"operator":"string"}]],"creation_time":"string","custom_msg":"string","default_rule":"bool","description":"string","id":"string","isolation_default_rule":"bool","lss_default_rule":"bool","modified_time":"string","modifiedby":"string","name":"string","operator":"string","policy_set_id":"string","policy_type":"string","priority":"string","reauth_default_rule":"bool","reauth_idle_timeout":"string","reauth_timeout":"string","rule_order":"string","zpn_cbi_profile_id":"string","zpn_inspection_profile_id":"string","zpn_inspection_profile_name":"string"}]],"description_kind":"plain","computed":true}},"block_types":{"config":{"nesting_mode":"list","block":{"attributes":{"audit_message":{"type":"string","description_kind":"plain","computed":true},"description":{"type":"string","description_kind":"plain","computed":true},"enabled":{"type":"bool","description_kind":"plain","computed":true},"filter":{"type":["list","string"],"description_kind":"plain","computed":true},"format":{"type":"string","description_kind":"plain","computed":true},"id":{"type":"string","description_kind":"plain","computed":true},"lss_host":{"type":"string","description_kind":"plain","computed":true},"lss_port":{"type":"string","description_kind":"plain","computed":true},"name":{"type":"string","description_kind":"plain","optional":true,"computed":true},"source_log_type":{"type":"string","description_kind":"plain","computed":true},"use_tls":{"type":"bool","description_kind":"plain","computed":true}},"description_kind":"plain"}}},"description_kind":"plain"}},"zpa_lss_config_log_type_formats":{"version":0,"block":{"attributes":{"csv":{"type":"string","description_kind":"plain","computed":true},"id":{"type":"string","description_kind":"plain","optional":true,"computed":true},"json":{"type":"string","description_kind":"plain","computed":true},"log_type":{"type":"string","description_kind":"plain","required":true},"tsv":{"type":"string","description_kind":"plain","computed":true}},"description_kind":"plain"}},"zpa_lss_config_status_codes":{"version":0,"block":{"attributes":{"id":{"type":"string","description_kind":"plain","optional":true,"computed":true},"zpn_ast_auth_log":{"type":["map","string"],"description_kind":"plain","computed":true},"zpn_auth_log":{"type":["map","string"],"description_kind":"plain","computed":true},"zpn_sys_auth_log":{"type":["map","string"],"description_kind":"plain","computed":true},"zpn_trans_log":{"type":["map","string"],"description_kind":"plain","computed":true}},"description_kind":"plain"}},"zpa_machine_group":{"version":0,"block":{"attributes":{"creation_time":{"type":"string","description_kind":"plain","computed":true},"description":{"type":"string","description_kind":"plain","computed":true},"enabled":{"type":"bool","description_kind":"plain","computed":true},"id":{"type":"string","description_kind":"plain","optional":true},"machines":{"type":["list",["object",{"creation_time":"string","description":"string","fingerprint":"string","id":"string","issued_cert_id":"string","machine_group_id":"string","machine_group_name":"string","machine_token_id":"string","modified_by":"string","modified_time":"string","name":"string","signing_cert":["map","string"]}]],"description_kind":"plain","computed":true},"modified_by":{"type":"string","description_kind":"plain","computed":true},"modified_time":{"type":"string","description_kind":"plain","computed":true},"name":{"type":"string","description_kind":"plain","optional":true}},"description_kind":"plain"}},"zpa_policy_type":{"version":0,"block":{"attributes":{"creation_time":{"type":"string","description_kind":"plain","computed":true},"description":{"type":"string","description_kind":"plain","computed":true},"enabled":{"type":"bool","description_kind":"plain","computed":true},"id":{"type":"string","description_kind":"plain","optional":true},"modified_by":{"type":"string","description_kind":"plain","computed":true},"modified_time":{"type":"string","description_kind":"plain","computed":true},"name":{"type":"string","description_kind":"plain","computed":true},"policy_type":{"type":"string","description_kind":"plain","optional":true,"computed":true},"rules":{"type":["list",["object",{"action":"string","action_id":"string","bypass_default_rule":"bool","conditions":["list",["object",{"creation_time":"string","id":"string","modified_by":"string","modified_time":"string","negated":"bool","operands":["list",["object",{"creation_time":"string","id":"string","idp_id":"string","lhs":"string","modified_by":"string","modified_time":"string","name":"string","object_type":"string","operator":"string","rhs":"string"}]],"operator":"string"}]],"creation_time":"string","custom_msg":"string","description":"string","id":"string","isolation_default_rule":"bool","modified_by":"string","modified_time":"string","name":"string","operator":"string","policy_set_id":"string","policy_type":"string","priority":"string","reauth_default_rule":"bool","reauth_idle_timeout":"string","reauth_timeout":"string","rule_order":"string","zpn_cbi_profile_id":"string","zpn_inspection_profile_id":"string"}]],"description_kind":"plain","computed":true},"sorted":{"type":"bool","description_kind":"plain","computed":true}},"description_kind":"plain"}},"zpa_posture_profile":{"version":0,"block":{"attributes":{"creation_time":{"type":"string","description_kind":"plain","computed":true},"domain":{"type":"string","description_kind":"plain","computed":true},"id":{"type":"string","description_kind":"plain","computed":true},"master_customer_id":{"type":"string","description_kind":"plain","computed":true},"modified_time":{"type":"string","description_kind":"plain","computed":true},"modifiedby":{"type":"string","description_kind":"plain","computed":true},"name":{"type":"string","description_kind":"plain","optional":true},"posture_udid":{"type":"string","description_kind":"plain","computed":true},"zscaler_cloud":{"type":"string","description_kind":"plain","computed":true},"zscaler_customer_id":{"type":"string","description_kind":"plain","computed":true}},"description_kind":"plain"}},"zpa_provisioning_key":{"version":0,"block":{"attributes":{"app_connector_group_id":{"type":"string","description_kind":"plain","computed":true},"app_connector_group_name":{"type":"string","description_kind":"plain","computed":true},"association_type":{"type":"string","description":"Specifies the provisioning key type for App Connectors or ZPA Private Service Edges. The supported values are CONNECTOR_GRP and SERVICE_EDGE_GRP.","description_kind":"plain","required":true},"creation_time":{"type":"string","description_kind":"plain","computed":true},"enabled":{"type":"bool","description":"Whether the provisioning key is enabled or not. Supported values: true, false","description_kind":"plain","computed":true},"enrollment_cert_id":{"type":"string","description":"ID of the enrollment certificate that can be used for this provisioning key.","description_kind":"plain","computed":true},"enrollment_cert_name":{"type":"string","description":"Read only property. Applicable only for GET calls, ignored in PUT/POST calls.","description_kind":"plain","computed":true},"expiration_in_epoch_sec":{"type":"string","description_kind":"plain","computed":true},"id":{"type":"string","description_kind":"plain","optional":true},"ip_acl":{"type":["set","string"],"description_kind":"plain","computed":true},"max_usage":{"type":"string","description_kind":"plain","computed":true},"modified_time":{"type":"string","description_kind":"plain","computed":true},"modifiedby":{"type":"string","description_kind":"plain","computed":true},"name":{"type":"string","description_kind":"plain","optional":true},"provisioning_key":{"type":"string","description_kind":"plain","computed":true},"ui_config":{"type":"string","description_kind":"plain","computed":true},"usage_count":{"type":"string","description_kind":"plain","computed":true},"zcomponent_id":{"type":"string","description":"ID of the existing App Connector or Service Edge Group.","description_kind":"plain","computed":true},"zcomponent_name":{"type":"string","description":"Read only property. Applicable only for GET calls, ignored in PUT/POST calls.","description_kind":"plain","computed":true}},"description_kind":"plain"}},"zpa_saml_attribute":{"version":0,"block":{"attributes":{"creation_time":{"type":"string","description_kind":"plain","computed":true},"id":{"type":"string","description_kind":"plain","optional":true,"computed":true},"idp_id":{"type":"string","description_kind":"plain","computed":true},"idp_name":{"type":"string","description_kind":"plain","optional":true},"modified_time":{"type":"string","description_kind":"plain","computed":true},"modifiedby":{"type":"string","description_kind":"plain","computed":true},"name":{"type":"string","description_kind":"plain","optional":true,"computed":true},"saml_name":{"type":"string","description_kind":"plain","computed":true},"user_attribute":{"type":"bool","description_kind":"plain","computed":true}},"description_kind":"plain"}},"zpa_scim_attribute_header":{"version":0,"block":{"attributes":{"canonical_values":{"type":["list","string"],"description_kind":"plain","computed":true},"case_sensitive":{"type":"bool","description_kind":"plain","computed":true},"creation_time":{"type":"string","description_kind":"plain","computed":true},"data_type":{"type":"string","description_kind":"plain","computed":true},"description":{"type":"string","description_kind":"plain","computed":true},"id":{"type":"string","description_kind":"plain","computed":true},"idp_id":{"type":"string","description_kind":"plain","optional":true},"idp_name":{"type":"string","description_kind":"plain","optional":true},"modified_time":{"type":"string","description_kind":"plain","computed":true},"modifiedby":{"type":"string","description_kind":"plain","computed":true},"multivalued":{"type":"bool","description_kind":"plain","computed":true},"mutability":{"type":"string","description_kind":"plain","computed":true},"name":{"type":"string","description_kind":"plain","optional":true},"required":{"type":"bool","description_kind":"plain","computed":true},"returned":{"type":"string","description_kind":"plain","computed":true},"schema_uri":{"type":"string","description_kind":"plain","computed":true},"uniqueness":{"type":"bool","description_kind":"plain","computed":true},"values":{"type":["set","string"],"description_kind":"plain","computed":true}},"description_kind":"plain"}},"zpa_scim_groups":{"version":0,"block":{"attributes":{"creation_time":{"type":"number","description_kind":"plain","computed":true},"id":{"type":"string","description_kind":"plain","optional":true},"idp_group_id":{"type":"string","description_kind":"plain","computed":true},"idp_id":{"type":"number","description_kind":"plain","optional":true},"idp_name":{"type":"string","description_kind":"plain","optional":true},"modified_time":{"type":"number","description_kind":"plain","computed":true},"name":{"type":"string","description_kind":"plain","optional":true}},"description_kind":"plain"}},"zpa_segment_group":{"version":0,"block":{"attributes":{"applications":{"type":["list",["object",{"bypass_type":"string","config_space":"string","creation_time":"string","default_idle_timeout":"string","default_max_age":"string","description":"string","domain_name":"string","domain_names":["list","string"],"double_encrypt":"bool","enabled":"bool","health_check_type":"string","id":"string","ip_anchored":"bool","log_features":["list","string"],"modified_by":"string","modified_time":"string","name":"string","passive_health_enabled":"bool","server_groups":["list",["object",{"config_space":"string","creation_time":"string","description":"string","dynamic_discovery":"bool","enabled":"bool","id":"string","modified_by":"string","modified_time":"string","name":"string"}]],"tcp_port_ranges":["list","string"],"tcp_ports_in":["list","string"],"tcp_ports_out":["list","string"],"udp_port_ranges":["list","string"]}]],"description_kind":"plain","computed":true},"config_space":{"type":"string","description_kind":"plain","computed":true},"creation_time":{"type":"string","description_kind":"plain","computed":true},"description":{"type":"string","description_kind":"plain","computed":true},"enabled":{"type":"bool","description_kind":"plain","computed":true},"id":{"type":"string","description_kind":"plain","optional":true},"modified_by":{"type":"string","description_kind":"plain","computed":true},"modified_time":{"type":"string","description_kind":"plain","computed":true},"name":{"type":"string","description_kind":"plain","optional":true},"policy_migrated":{"type":"bool","description_kind":"plain","optional":true,"computed":true},"tcp_keep_alive_enabled":{"type":"string","description_kind":"plain","computed":true}},"description_kind":"plain"}},"zpa_server_group":{"version":0,"block":{"attributes":{"app_connector_groups":{"type":["list",["object",{"city_country":"string","connectors":["list",["object",{"creation_time":"string","description":"string","enabled":"bool","fingerprint":"string","id":"string","issued_cert_id":"string","modified_time":"string","modifiedby":"string","name":"string","upgrade_attempt":"string"}]],"country_code":"string","creation_time":"string","description":"string","dns_query_type":"string","enabled":"bool","geolocation_id":"string","id":"string","latitude":"string","location":"string","longitude":"string","modified_time":"string","modifiedby":"string","name":"string","server_groups":["list",["object",{"config_space":"string","creation_time":"string","description":"string","dynamic_discovery":"bool","enabled":"bool","id":"string","modified_time":"string","modifiedby":"string","name":"string"}]],"siem_app_connector_group":"bool","upgrade_day":"string","upgrade_time_in_secs":"string","version_profile_id":"string"}]],"description_kind":"plain","computed":true},"applications":{"type":["list",["object",{"id":"string","name":"string"}]],"description_kind":"plain","computed":true},"config_space":{"type":"string","description_kind":"plain","computed":true},"creation_time":{"type":"string","description_kind":"plain","computed":true},"description":{"type":"string","description_kind":"plain","computed":true},"dynamic_discovery":{"type":"bool","description_kind":"plain","computed":true},"enabled":{"type":"bool","description_kind":"plain","computed":true},"id":{"type":"string","description_kind":"plain","optional":true},"ip_anchored":{"type":"bool","description_kind":"plain","computed":true},"modified_time":{"type":"string","description_kind":"plain","computed":true},"modifiedby":{"type":"string","description_kind":"plain","computed":true},"name":{"type":"string","description_kind":"plain","optional":true},"servers":{"type":["list",["object",{"address":"string","app_server_group_ids":["list","string"],"config_space":"string","creation_time":"string","description":"string","enabled":"bool","id":"string","modified_time":"string","modifiedby":"string","name":"string"}]],"description_kind":"plain","computed":true}},"description_kind":"plain"}},"zpa_service_edge_controller":{"version":0,"block":{"attributes":{"application_start_time":{"type":"string","description_kind":"plain","computed":true},"control_channel_status":{"type":"string","description_kind":"plain","computed":true},"creation_time":{"type":"string","description_kind":"plain","computed":true},"ctrl_broker_name":{"type":"string","description_kind":"plain","computed":true},"current_version":{"type":"string","description_kind":"plain","computed":true},"description":{"type":"string","description_kind":"plain","computed":true},"enabled":{"type":"bool","description_kind":"plain","computed":true},"enrollment_cert":{"type":["map","string"],"description_kind":"plain","computed":true},"expected_upgrade_time":{"type":"string","description_kind":"plain","computed":true},"expected_version":{"type":"string","description_kind":"plain","computed":true},"fingerprint":{"type":"string","description_kind":"plain","computed":true},"id":{"type":"string","description_kind":"plain","computed":true},"ip_acl":{"type":"string","description_kind":"plain","computed":true},"issued_cert_id":{"type":"string","description_kind":"plain","computed":true},"last_broker_connect_time":{"type":"string","description_kind":"plain","computed":true},"last_broker_connect_time_duration":{"type":"string","description_kind":"plain","computed":true},"last_broker_disconnect_time":{"type":"string","description_kind":"plain","computed":true},"last_broker_disconnect_time_duration":{"type":"string","description_kind":"plain","computed":true},"last_upgrade_time":{"type":"string","description_kind":"plain","computed":true},"latitude":{"type":"string","description_kind":"plain","computed":true},"listen_ips":{"type":"string","description_kind":"plain","computed":true},"location":{"type":"string","description_kind":"plain","computed":true},"longitude":{"type":"string","description_kind":"plain","computed":true},"modified_time":{"type":"string","description_kind":"plain","computed":true},"modifiedby":{"type":"string","description_kind":"plain","computed":true},"name":{"type":"string","description_kind":"plain","optional":true},"platform":{"type":"string","description_kind":"plain","computed":true},"previous_version":{"type":"string","description_kind":"plain","computed":true},"private_ip":{"type":"string","description_kind":"plain","computed":true},"provisioning_key_id":{"type":"string","description_kind":"plain","computed":true},"provisioning_key_name":{"type":"string","description_kind":"plain","computed":true},"public_ip":{"type":"string","description_kind":"plain","computed":true},"publish_ips":{"type":"string","description_kind":"plain","computed":true},"sarge_version":{"type":"string","description_kind":"plain","computed":true},"service_edge_group_id":{"type":"string","description_kind":"plain","computed":true},"service_edge_group_name":{"type":"string","description_kind":"plain","computed":true},"upgrade_attempt":{"type":"string","description_kind":"plain","computed":true},"upgrade_status":{"type":"string","description_kind":"plain","computed":true}},"description_kind":"plain"}},"zpa_service_edge_group":{"version":0,"block":{"attributes":{"city_country":{"type":"string","description_kind":"plain","computed":true},"country_code":{"type":"string","description_kind":"plain","computed":true},"creation_time":{"type":"string","description_kind":"plain","computed":true},"description":{"type":"string","description":"Description of the Service Edge Group.","description_kind":"plain","computed":true},"enabled":{"type":"bool","description":"Whether this Service Edge Group is enabled or not.","description_kind":"plain","computed":true},"geo_location_id":{"type":"string","description_kind":"plain","computed":true},"id":{"type":"string","description_kind":"plain","optional":true,"computed":true},"is_public":{"type":"string","description_kind":"plain","computed":true},"latitude":{"type":"string","description":"Latitude for the Service Edge Group.","description_kind":"plain","computed":true},"location":{"type":"string","description":"Location for the Service Edge Group.","description_kind":"plain","computed":true},"longitude":{"type":"string","description":"Longitude for the Service Edge Group.","description_kind":"plain","computed":true},"modified_time":{"type":"string","description_kind":"plain","computed":true},"modifiedby":{"type":"string","description_kind":"plain","computed":true},"name":{"type":"string","description":"Name of the Service Edge Group.","description_kind":"plain","optional":true,"computed":true},"override_version_profile":{"type":"bool","description":"Whether the default version profile of the App Connector Group is applied or overridden.","description_kind":"plain","computed":true},"service_edges":{"type":["list",["object",{"application_start_time":"string","control_channel_status":"string","creation_time":"string","ctrl_broker_name":"string","current_version":"string","description":"string","enabled":"bool","enrollment_cert":["map","string"],"expected_upgrade_time":"string","expected_version":"string","fingerprint":"string","id":"string","ipacl":"string","issued_cert_id":"string","last_broker_connect_time":"string","last_broker_connect_time_duration":"string","last_broker_disconnect_time":"string","last_broker_disconnect_time_duration":"string","last_upgrade_time":"string","latitude":"string","listen_ips":"string","location":"string","longitude":"string","modified_time":"string","modifiedby":"string","name":"string","platform":"string","previous_version":"string","private_ip":"string","provisioning_key_id":"string","provisioning_key_name":"string","public_ip":"string","publish_ips":"string","sarge_version":"string","service_edge_group_id":"string","service_edge_group_name":"string","upgrade_attempt":"string","upgrade_status":"string"}]],"description_kind":"plain","computed":true},"trusted_networks":{"type":["list",["object",{"creation_time":"string","domain":"string","id":"string","master_customer_id":"string","modified_time":"string","modifiedby":"string","name":"string","network_id":"string","zscaler_cloud":"string"}]],"description_kind":"plain","computed":true},"upgrade_day":{"type":"string","description":"Service Edges in this group will attempt to update to a newer version of the software during this specified day.","description_kind":"plain","computed":true},"upgrade_time_in_secs":{"type":"string","description":"Service Edges in this group will attempt to update to a newer version of the software during this specified time.","description_kind":"plain","computed":true},"version_profile_id":{"type":"string","description":"ID of the version profile. To learn more","description_kind":"plain","computed":true},"version_profile_name":{"type":"string","description":"ID of the version profile. To learn more","description_kind":"plain","computed":true},"version_profile_visibility_scope":{"type":"string","description":"ID of the version profile. To learn more","description_kind":"plain","computed":true}},"description_kind":"plain"}},"zpa_trusted_network":{"version":0,"block":{"attributes":{"creation_time":{"type":"string","description_kind":"plain","computed":true},"domain":{"type":"string","description_kind":"plain","computed":true},"id":{"type":"string","description_kind":"plain","optional":true},"modified_time":{"type":"string","description_kind":"plain","computed":true},"modifiedby":{"type":"string","description_kind":"plain","computed":true},"name":{"type":"string","description_kind":"plain","optional":true},"network_id":{"type":"string","description_kind":"plain","computed":true},"zscaler_cloud":{"type":"string","description_kind":"plain","computed":true}},"description_kind":"plain"}}}}}}
